// !$*UTF8*$!
{
	archiveVersion = 1;
	classes = {
	};
	objectVersion = 46;
	objects = {

/* Begin PBXBuildFile section */
		6A6E3D031E10ED7E00AF632B /* ENOViewController.m in Sources */ = {isa = PBXBuildFile; fileRef = 6A6E3D021E10ED7E00AF632B /* ENOViewController.m */; };
		6A6E3D061E10FBB400AF632B /* BaseViewController.m in Sources */ = {isa = PBXBuildFile; fileRef = 6A6E3D051E10FBB400AF632B /* BaseViewController.m */; };
		6A754A6E1E10E9D400A0FB08 /* main.m in Sources */ = {isa = PBXBuildFile; fileRef = 6A754A6D1E10E9D400A0FB08 /* main.m */; };
		6A754A711E10E9D400A0FB08 /* AppDelegate.m in Sources */ = {isa = PBXBuildFile; fileRef = 6A754A701E10E9D400A0FB08 /* AppDelegate.m */; };
		6A754A791E10E9D400A0FB08 /* Assets.xcassets in Resources */ = {isa = PBXBuildFile; fileRef = 6A754A781E10E9D400A0FB08 /* Assets.xcassets */; };
		6A754A7C1E10E9D400A0FB08 /* LaunchScreen.storyboard in Resources */ = {isa = PBXBuildFile; fileRef = 6A754A7A1E10E9D400A0FB08 /* LaunchScreen.storyboard */; };
		6A754A871E10E9D500A0FB08 /* RACExampleTests.m in Sources */ = {isa = PBXBuildFile; fileRef = 6A754A861E10E9D500A0FB08 /* RACExampleTests.m */; };
		6A754AD71E10EAC600A0FB08 /* LoginViewController.m in Sources */ = {isa = PBXBuildFile; fileRef = 6A754A9B1E10EAC600A0FB08 /* LoginViewController.m */; };
		6A754AD81E10EAC600A0FB08 /* LoginViewModel.m in Sources */ = {isa = PBXBuildFile; fileRef = 6A754A9D1E10EAC600A0FB08 /* LoginViewModel.m */; };
		6A754AD91E10EAC600A0FB08 /* ReplaceDelegateViewController.m in Sources */ = {isa = PBXBuildFile; fileRef = 6A754AA01E10EAC600A0FB08 /* ReplaceDelegateViewController.m */; };
		6A754ADA1E10EAC600A0FB08 /* RACRequest.m in Sources */ = {isa = PBXBuildFile; fileRef = 6A754AA31E10EAC600A0FB08 /* RACRequest.m */; };
		6A754ADB1E10EAC600A0FB08 /* RootViewController.m in Sources */ = {isa = PBXBuildFile; fileRef = 6A754AA51E10EAC600A0FB08 /* RootViewController.m */; };
		6A754ADC1E10EAC600A0FB08 /* test@2x.png in Resources */ = {isa = PBXBuildFile; fileRef = 6A754AA61E10EAC600A0FB08 /* test@2x.png */; };
		6A754ADD1E10EAC600A0FB08 /* UIButton+DPMethodExt.m in Sources */ = {isa = PBXBuildFile; fileRef = 6A754AAA1E10EAC600A0FB08 /* UIButton+DPMethodExt.m */; };
		6A754ADE1E10EAC600A0FB08 /* UICollectionView+DPMethodExt.m in Sources */ = {isa = PBXBuildFile; fileRef = 6A754AAC1E10EAC600A0FB08 /* UICollectionView+DPMethodExt.m */; };
		6A754ADF1E10EAC600A0FB08 /* UIColor+DPMethodExt.m in Sources */ = {isa = PBXBuildFile; fileRef = 6A754AAE1E10EAC600A0FB08 /* UIColor+DPMethodExt.m */; };
		6A754AE01E10EAC600A0FB08 /* UIDatePicker+DPMethodExt.m in Sources */ = {isa = PBXBuildFile; fileRef = 6A754AB01E10EAC600A0FB08 /* UIDatePicker+DPMethodExt.m */; };
		6A754AE11E10EAC600A0FB08 /* UIImage+DPMethodExt.m in Sources */ = {isa = PBXBuildFile; fileRef = 6A754AB21E10EAC600A0FB08 /* UIImage+DPMethodExt.m */; };
		6A754AE21E10EAC600A0FB08 /* UIImageView+DPMethodExt.m in Sources */ = {isa = PBXBuildFile; fileRef = 6A754AB41E10EAC600A0FB08 /* UIImageView+DPMethodExt.m */; };
		6A754AE31E10EAC600A0FB08 /* UILabel+DPMethodExt.m in Sources */ = {isa = PBXBuildFile; fileRef = 6A754AB61E10EAC600A0FB08 /* UILabel+DPMethodExt.m */; };
		6A754AE41E10EAC600A0FB08 /* UINavigationBar+DPMethodExt.m in Sources */ = {isa = PBXBuildFile; fileRef = 6A754AB81E10EAC600A0FB08 /* UINavigationBar+DPMethodExt.m */; };
		6A754AE51E10EAC600A0FB08 /* UIPageControl+DPMethodExt.m in Sources */ = {isa = PBXBuildFile; fileRef = 6A754ABA1E10EAC600A0FB08 /* UIPageControl+DPMethodExt.m */; };
		6A754AE61E10EAC600A0FB08 /* UIPickerView+DPMethodExt.m in Sources */ = {isa = PBXBuildFile; fileRef = 6A754ABC1E10EAC600A0FB08 /* UIPickerView+DPMethodExt.m */; };
		6A754AE71E10EAC600A0FB08 /* UIProgressView+DPMethodExt.m in Sources */ = {isa = PBXBuildFile; fileRef = 6A754ABE1E10EAC600A0FB08 /* UIProgressView+DPMethodExt.m */; };
		6A754AE81E10EAC600A0FB08 /* UIResponder+DPMethodExt.m in Sources */ = {isa = PBXBuildFile; fileRef = 6A754AC01E10EAC600A0FB08 /* UIResponder+DPMethodExt.m */; };
		6A754AE91E10EAC600A0FB08 /* UIScrollView+DPMethodExt.m in Sources */ = {isa = PBXBuildFile; fileRef = 6A754AC21E10EAC600A0FB08 /* UIScrollView+DPMethodExt.m */; };
		6A754AEA1E10EAC600A0FB08 /* UISwitch+DPMethodExt.m in Sources */ = {isa = PBXBuildFile; fileRef = 6A754AC41E10EAC600A0FB08 /* UISwitch+DPMethodExt.m */; };
		6A754AEB1E10EAC600A0FB08 /* UITabBar+DPMethodExt.m in Sources */ = {isa = PBXBuildFile; fileRef = 6A754AC61E10EAC600A0FB08 /* UITabBar+DPMethodExt.m */; };
		6A754AEC1E10EAC600A0FB08 /* UITabBarController+DPMethodExt.m in Sources */ = {isa = PBXBuildFile; fileRef = 6A754AC81E10EAC600A0FB08 /* UITabBarController+DPMethodExt.m */; };
		6A754AED1E10EAC600A0FB08 /* UITableView+DPMethodExt.m in Sources */ = {isa = PBXBuildFile; fileRef = 6A754ACA1E10EAC600A0FB08 /* UITableView+DPMethodExt.m */; };
		6A754AEE1E10EAC600A0FB08 /* UITextField+DPMethodExt.m in Sources */ = {isa = PBXBuildFile; fileRef = 6A754ACC1E10EAC600A0FB08 /* UITextField+DPMethodExt.m */; };
		6A754AEF1E10EAC600A0FB08 /* UITextView+DPMethodExt.m in Sources */ = {isa = PBXBuildFile; fileRef = 6A754ACE1E10EAC600A0FB08 /* UITextView+DPMethodExt.m */; };
		6A754AF01E10EAC600A0FB08 /* UIView+DPMethodExt.m in Sources */ = {isa = PBXBuildFile; fileRef = 6A754AD01E10EAC600A0FB08 /* UIView+DPMethodExt.m */; };
		6A754AF11E10EAC600A0FB08 /* UIViewController+DPMethodExt.m in Sources */ = {isa = PBXBuildFile; fileRef = 6A754AD21E10EAC600A0FB08 /* UIViewController+DPMethodExt.m */; };
		6A754AF21E10EAC600A0FB08 /* UIWebView+DPMethodExt.m in Sources */ = {isa = PBXBuildFile; fileRef = 6A754AD41E10EAC600A0FB08 /* UIWebView+DPMethodExt.m */; };
		6AE1603A1E1107A100E223FB /* ZipViewController.m in Sources */ = {isa = PBXBuildFile; fileRef = 6AE160391E1107A100E223FB /* ZipViewController.m */; };
		6AE1603D1E11109200E223FB /* CombinViewController.m in Sources */ = {isa = PBXBuildFile; fileRef = 6AE1603C1E11109200E223FB /* CombinViewController.m */; };
		6AE160461E1129CE00E223FB /* ThenViewController.m in Sources */ = {isa = PBXBuildFile; fileRef = 6AE160451E1129CE00E223FB /* ThenViewController.m */; };
		6AE160491E112CD800E223FB /* ConcatViewController.m in Sources */ = {isa = PBXBuildFile; fileRef = 6AE160481E112CD800E223FB /* ConcatViewController.m */; };
		6AE1604C1E112E3700E223FB /* LiftViewController.m in Sources */ = {isa = PBXBuildFile; fileRef = 6AE1604B1E112E3700E223FB /* LiftViewController.m */; };
		6AE160501E112FDC00E223FB /* TimerViewController.m in Sources */ = {isa = PBXBuildFile; fileRef = 6AE1604F1E112FDC00E223FB /* TimerViewController.m */; };
		6AEA412C1E16184D003ED2FB /* RetryViewController.m in Sources */ = {isa = PBXBuildFile; fileRef = 6AEA412B1E16184D003ED2FB /* RetryViewController.m */; };
		6AEA41301E163087003ED2FB /* BindViewController.m in Sources */ = {isa = PBXBuildFile; fileRef = 6AEA412F1E163087003ED2FB /* BindViewController.m */; };
		6AEA41341E16348F003ED2FB /* MapViewController.m in Sources */ = {isa = PBXBuildFile; fileRef = 6AEA41331E16348F003ED2FB /* MapViewController.m */; };
		B1CD6AF722C84CFCA20AF9AE /* Pods_RACExample.framework in Frameworks */ = {isa = PBXBuildFile; fileRef = FB879DC6A180FD4876555A0D /* Pods_RACExample.framework */; };
/* End PBXBuildFile section */

/* Begin PBXContainerItemProxy section */
		6A754A831E10E9D500A0FB08 /* PBXContainerItemProxy */ = {
			isa = PBXContainerItemProxy;
			containerPortal = 6A754A611E10E9D400A0FB08 /* Project object */;
			proxyType = 1;
			remoteGlobalIDString = 6A754A681E10E9D400A0FB08;
			remoteInfo = RACExample;
		};
/* End PBXContainerItemProxy section */

/* Begin PBXFileReference section */
		24AD482CE1EAFFE2BC17052F /* Pods-RACExample.release.xcconfig */ = {isa = PBXFileReference; includeInIndex = 1; lastKnownFileType = text.xcconfig; name = "Pods-RACExample.release.xcconfig"; path = "Pods/Target Support Files/Pods-RACExample/Pods-RACExample.release.xcconfig"; sourceTree = "<group>"; };
		6A6E3D011E10ED7E00AF632B /* ENOViewController.h */ = {isa = PBXFileReference; fileEncoding = 4; lastKnownFileType = sourcecode.c.h; path = ENOViewController.h; sourceTree = "<group>"; };
		6A6E3D021E10ED7E00AF632B /* ENOViewController.m */ = {isa = PBXFileReference; fileEncoding = 4; lastKnownFileType = sourcecode.c.objc; path = ENOViewController.m; sourceTree = "<group>"; };
		6A6E3D041E10FBB400AF632B /* BaseViewController.h */ = {isa = PBXFileReference; fileEncoding = 4; lastKnownFileType = sourcecode.c.h; path = BaseViewController.h; sourceTree = "<group>"; };
		6A6E3D051E10FBB400AF632B /* BaseViewController.m */ = {isa = PBXFileReference; fileEncoding = 4; lastKnownFileType = sourcecode.c.objc; path = BaseViewController.m; sourceTree = "<group>"; };
		6A754A691E10E9D400A0FB08 /* RACExample.app */ = {isa = PBXFileReference; explicitFileType = wrapper.application; includeInIndex = 0; path = RACExample.app; sourceTree = BUILT_PRODUCTS_DIR; };
		6A754A6D1E10E9D400A0FB08 /* main.m */ = {isa = PBXFileReference; lastKnownFileType = sourcecode.c.objc; path = main.m; sourceTree = "<group>"; };
		6A754A6F1E10E9D400A0FB08 /* AppDelegate.h */ = {isa = PBXFileReference; lastKnownFileType = sourcecode.c.h; path = AppDelegate.h; sourceTree = "<group>"; };
		6A754A701E10E9D400A0FB08 /* AppDelegate.m */ = {isa = PBXFileReference; lastKnownFileType = sourcecode.c.objc; path = AppDelegate.m; sourceTree = "<group>"; };
		6A754A781E10E9D400A0FB08 /* Assets.xcassets */ = {isa = PBXFileReference; lastKnownFileType = folder.assetcatalog; path = Assets.xcassets; sourceTree = "<group>"; };
		6A754A7B1E10E9D400A0FB08 /* Base */ = {isa = PBXFileReference; lastKnownFileType = file.storyboard; name = Base; path = Base.lproj/LaunchScreen.storyboard; sourceTree = "<group>"; };
		6A754A7D1E10E9D400A0FB08 /* Info.plist */ = {isa = PBXFileReference; lastKnownFileType = text.plist.xml; path = Info.plist; sourceTree = "<group>"; };
		6A754A821E10E9D500A0FB08 /* RACExampleTests.xctest */ = {isa = PBXFileReference; explicitFileType = wrapper.cfbundle; includeInIndex = 0; path = RACExampleTests.xctest; sourceTree = BUILT_PRODUCTS_DIR; };
		6A754A861E10E9D500A0FB08 /* RACExampleTests.m */ = {isa = PBXFileReference; lastKnownFileType = sourcecode.c.objc; path = RACExampleTests.m; sourceTree = "<group>"; };
		6A754A881E10E9D500A0FB08 /* Info.plist */ = {isa = PBXFileReference; lastKnownFileType = text.plist.xml; path = Info.plist; sourceTree = "<group>"; };
		6A754A911E10EA7F00A0FB08 /* Prefix.h */ = {isa = PBXFileReference; lastKnownFileType = sourcecode.c.h; path = Prefix.h; sourceTree = "<group>"; };
		6A754A9A1E10EAC600A0FB08 /* LoginViewController.h */ = {isa = PBXFileReference; fileEncoding = 4; lastKnownFileType = sourcecode.c.h; path = LoginViewController.h; sourceTree = "<group>"; };
		6A754A9B1E10EAC600A0FB08 /* LoginViewController.m */ = {isa = PBXFileReference; fileEncoding = 4; lastKnownFileType = sourcecode.c.objc; path = LoginViewController.m; sourceTree = "<group>"; };
		6A754A9C1E10EAC600A0FB08 /* LoginViewModel.h */ = {isa = PBXFileReference; fileEncoding = 4; lastKnownFileType = sourcecode.c.h; path = LoginViewModel.h; sourceTree = "<group>"; };
		6A754A9D1E10EAC600A0FB08 /* LoginViewModel.m */ = {isa = PBXFileReference; fileEncoding = 4; lastKnownFileType = sourcecode.c.objc; path = LoginViewModel.m; sourceTree = "<group>"; };
		6A754A9F1E10EAC600A0FB08 /* ReplaceDelegateViewController.h */ = {isa = PBXFileReference; fileEncoding = 4; lastKnownFileType = sourcecode.c.h; path = ReplaceDelegateViewController.h; sourceTree = "<group>"; };
		6A754AA01E10EAC600A0FB08 /* ReplaceDelegateViewController.m */ = {isa = PBXFileReference; fileEncoding = 4; lastKnownFileType = sourcecode.c.objc; path = ReplaceDelegateViewController.m; sourceTree = "<group>"; };
		6A754AA21E10EAC600A0FB08 /* RACRequest.h */ = {isa = PBXFileReference; fileEncoding = 4; lastKnownFileType = sourcecode.c.h; path = RACRequest.h; sourceTree = "<group>"; };
		6A754AA31E10EAC600A0FB08 /* RACRequest.m */ = {isa = PBXFileReference; fileEncoding = 4; lastKnownFileType = sourcecode.c.objc; path = RACRequest.m; sourceTree = "<group>"; };
		6A754AA41E10EAC600A0FB08 /* RootViewController.h */ = {isa = PBXFileReference; fileEncoding = 4; lastKnownFileType = sourcecode.c.h; path = RootViewController.h; sourceTree = "<group>"; };
		6A754AA51E10EAC600A0FB08 /* RootViewController.m */ = {isa = PBXFileReference; fileEncoding = 4; lastKnownFileType = sourcecode.c.objc; path = RootViewController.m; sourceTree = "<group>"; };
		6A754AA61E10EAC600A0FB08 /* test@2x.png */ = {isa = PBXFileReference; lastKnownFileType = image.png; path = "test@2x.png"; sourceTree = "<group>"; };
		6A754AA81E10EAC600A0FB08 /* DPUIKitMethodExt.h */ = {isa = PBXFileReference; fileEncoding = 4; lastKnownFileType = sourcecode.c.h; path = DPUIKitMethodExt.h; sourceTree = "<group>"; };
		6A754AA91E10EAC600A0FB08 /* UIButton+DPMethodExt.h */ = {isa = PBXFileReference; fileEncoding = 4; lastKnownFileType = sourcecode.c.h; path = "UIButton+DPMethodExt.h"; sourceTree = "<group>"; };
		6A754AAA1E10EAC600A0FB08 /* UIButton+DPMethodExt.m */ = {isa = PBXFileReference; fileEncoding = 4; lastKnownFileType = sourcecode.c.objc; path = "UIButton+DPMethodExt.m"; sourceTree = "<group>"; };
		6A754AAB1E10EAC600A0FB08 /* UICollectionView+DPMethodExt.h */ = {isa = PBXFileReference; fileEncoding = 4; lastKnownFileType = sourcecode.c.h; path = "UICollectionView+DPMethodExt.h"; sourceTree = "<group>"; };
		6A754AAC1E10EAC600A0FB08 /* UICollectionView+DPMethodExt.m */ = {isa = PBXFileReference; fileEncoding = 4; lastKnownFileType = sourcecode.c.objc; path = "UICollectionView+DPMethodExt.m"; sourceTree = "<group>"; };
		6A754AAD1E10EAC600A0FB08 /* UIColor+DPMethodExt.h */ = {isa = PBXFileReference; fileEncoding = 4; lastKnownFileType = sourcecode.c.h; path = "UIColor+DPMethodExt.h"; sourceTree = "<group>"; };
		6A754AAE1E10EAC600A0FB08 /* UIColor+DPMethodExt.m */ = {isa = PBXFileReference; fileEncoding = 4; lastKnownFileType = sourcecode.c.objc; path = "UIColor+DPMethodExt.m"; sourceTree = "<group>"; };
		6A754AAF1E10EAC600A0FB08 /* UIDatePicker+DPMethodExt.h */ = {isa = PBXFileReference; fileEncoding = 4; lastKnownFileType = sourcecode.c.h; path = "UIDatePicker+DPMethodExt.h"; sourceTree = "<group>"; };
		6A754AB01E10EAC600A0FB08 /* UIDatePicker+DPMethodExt.m */ = {isa = PBXFileReference; fileEncoding = 4; lastKnownFileType = sourcecode.c.objc; path = "UIDatePicker+DPMethodExt.m"; sourceTree = "<group>"; };
		6A754AB11E10EAC600A0FB08 /* UIImage+DPMethodExt.h */ = {isa = PBXFileReference; fileEncoding = 4; lastKnownFileType = sourcecode.c.h; path = "UIImage+DPMethodExt.h"; sourceTree = "<group>"; };
		6A754AB21E10EAC600A0FB08 /* UIImage+DPMethodExt.m */ = {isa = PBXFileReference; fileEncoding = 4; lastKnownFileType = sourcecode.c.objc; path = "UIImage+DPMethodExt.m"; sourceTree = "<group>"; };
		6A754AB31E10EAC600A0FB08 /* UIImageView+DPMethodExt.h */ = {isa = PBXFileReference; fileEncoding = 4; lastKnownFileType = sourcecode.c.h; path = "UIImageView+DPMethodExt.h"; sourceTree = "<group>"; };
		6A754AB41E10EAC600A0FB08 /* UIImageView+DPMethodExt.m */ = {isa = PBXFileReference; fileEncoding = 4; lastKnownFileType = sourcecode.c.objc; path = "UIImageView+DPMethodExt.m"; sourceTree = "<group>"; };
		6A754AB51E10EAC600A0FB08 /* UILabel+DPMethodExt.h */ = {isa = PBXFileReference; fileEncoding = 4; lastKnownFileType = sourcecode.c.h; path = "UILabel+DPMethodExt.h"; sourceTree = "<group>"; };
		6A754AB61E10EAC600A0FB08 /* UILabel+DPMethodExt.m */ = {isa = PBXFileReference; fileEncoding = 4; lastKnownFileType = sourcecode.c.objc; path = "UILabel+DPMethodExt.m"; sourceTree = "<group>"; };
		6A754AB71E10EAC600A0FB08 /* UINavigationBar+DPMethodExt.h */ = {isa = PBXFileReference; fileEncoding = 4; lastKnownFileType = sourcecode.c.h; path = "UINavigationBar+DPMethodExt.h"; sourceTree = "<group>"; };
		6A754AB81E10EAC600A0FB08 /* UINavigationBar+DPMethodExt.m */ = {isa = PBXFileReference; fileEncoding = 4; lastKnownFileType = sourcecode.c.objc; path = "UINavigationBar+DPMethodExt.m"; sourceTree = "<group>"; };
		6A754AB91E10EAC600A0FB08 /* UIPageControl+DPMethodExt.h */ = {isa = PBXFileReference; fileEncoding = 4; lastKnownFileType = sourcecode.c.h; path = "UIPageControl+DPMethodExt.h"; sourceTree = "<group>"; };
		6A754ABA1E10EAC600A0FB08 /* UIPageControl+DPMethodExt.m */ = {isa = PBXFileReference; fileEncoding = 4; lastKnownFileType = sourcecode.c.objc; path = "UIPageControl+DPMethodExt.m"; sourceTree = "<group>"; };
		6A754ABB1E10EAC600A0FB08 /* UIPickerView+DPMethodExt.h */ = {isa = PBXFileReference; fileEncoding = 4; lastKnownFileType = sourcecode.c.h; path = "UIPickerView+DPMethodExt.h"; sourceTree = "<group>"; };
		6A754ABC1E10EAC600A0FB08 /* UIPickerView+DPMethodExt.m */ = {isa = PBXFileReference; fileEncoding = 4; lastKnownFileType = sourcecode.c.objc; path = "UIPickerView+DPMethodExt.m"; sourceTree = "<group>"; };
		6A754ABD1E10EAC600A0FB08 /* UIProgressView+DPMethodExt.h */ = {isa = PBXFileReference; fileEncoding = 4; lastKnownFileType = sourcecode.c.h; path = "UIProgressView+DPMethodExt.h"; sourceTree = "<group>"; };
		6A754ABE1E10EAC600A0FB08 /* UIProgressView+DPMethodExt.m */ = {isa = PBXFileReference; fileEncoding = 4; lastKnownFileType = sourcecode.c.objc; path = "UIProgressView+DPMethodExt.m"; sourceTree = "<group>"; };
		6A754ABF1E10EAC600A0FB08 /* UIResponder+DPMethodExt.h */ = {isa = PBXFileReference; fileEncoding = 4; lastKnownFileType = sourcecode.c.h; path = "UIResponder+DPMethodExt.h"; sourceTree = "<group>"; };
		6A754AC01E10EAC600A0FB08 /* UIResponder+DPMethodExt.m */ = {isa = PBXFileReference; fileEncoding = 4; lastKnownFileType = sourcecode.c.objc; path = "UIResponder+DPMethodExt.m"; sourceTree = "<group>"; };
		6A754AC11E10EAC600A0FB08 /* UIScrollView+DPMethodExt.h */ = {isa = PBXFileReference; fileEncoding = 4; lastKnownFileType = sourcecode.c.h; path = "UIScrollView+DPMethodExt.h"; sourceTree = "<group>"; };
		6A754AC21E10EAC600A0FB08 /* UIScrollView+DPMethodExt.m */ = {isa = PBXFileReference; fileEncoding = 4; lastKnownFileType = sourcecode.c.objc; path = "UIScrollView+DPMethodExt.m"; sourceTree = "<group>"; };
		6A754AC31E10EAC600A0FB08 /* UISwitch+DPMethodExt.h */ = {isa = PBXFileReference; fileEncoding = 4; lastKnownFileType = sourcecode.c.h; path = "UISwitch+DPMethodExt.h"; sourceTree = "<group>"; };
		6A754AC41E10EAC600A0FB08 /* UISwitch+DPMethodExt.m */ = {isa = PBXFileReference; fileEncoding = 4; lastKnownFileType = sourcecode.c.objc; path = "UISwitch+DPMethodExt.m"; sourceTree = "<group>"; };
		6A754AC51E10EAC600A0FB08 /* UITabBar+DPMethodExt.h */ = {isa = PBXFileReference; fileEncoding = 4; lastKnownFileType = sourcecode.c.h; path = "UITabBar+DPMethodExt.h"; sourceTree = "<group>"; };
		6A754AC61E10EAC600A0FB08 /* UITabBar+DPMethodExt.m */ = {isa = PBXFileReference; fileEncoding = 4; lastKnownFileType = sourcecode.c.objc; path = "UITabBar+DPMethodExt.m"; sourceTree = "<group>"; };
		6A754AC71E10EAC600A0FB08 /* UITabBarController+DPMethodExt.h */ = {isa = PBXFileReference; fileEncoding = 4; lastKnownFileType = sourcecode.c.h; path = "UITabBarController+DPMethodExt.h"; sourceTree = "<group>"; };
		6A754AC81E10EAC600A0FB08 /* UITabBarController+DPMethodExt.m */ = {isa = PBXFileReference; fileEncoding = 4; lastKnownFileType = sourcecode.c.objc; path = "UITabBarController+DPMethodExt.m"; sourceTree = "<group>"; };
		6A754AC91E10EAC600A0FB08 /* UITableView+DPMethodExt.h */ = {isa = PBXFileReference; fileEncoding = 4; lastKnownFileType = sourcecode.c.h; path = "UITableView+DPMethodExt.h"; sourceTree = "<group>"; };
		6A754ACA1E10EAC600A0FB08 /* UITableView+DPMethodExt.m */ = {isa = PBXFileReference; fileEncoding = 4; lastKnownFileType = sourcecode.c.objc; path = "UITableView+DPMethodExt.m"; sourceTree = "<group>"; };
		6A754ACB1E10EAC600A0FB08 /* UITextField+DPMethodExt.h */ = {isa = PBXFileReference; fileEncoding = 4; lastKnownFileType = sourcecode.c.h; path = "UITextField+DPMethodExt.h"; sourceTree = "<group>"; };
		6A754ACC1E10EAC600A0FB08 /* UITextField+DPMethodExt.m */ = {isa = PBXFileReference; fileEncoding = 4; lastKnownFileType = sourcecode.c.objc; path = "UITextField+DPMethodExt.m"; sourceTree = "<group>"; };
		6A754ACD1E10EAC600A0FB08 /* UITextView+DPMethodExt.h */ = {isa = PBXFileReference; fileEncoding = 4; lastKnownFileType = sourcecode.c.h; path = "UITextView+DPMethodExt.h"; sourceTree = "<group>"; };
		6A754ACE1E10EAC600A0FB08 /* UITextView+DPMethodExt.m */ = {isa = PBXFileReference; fileEncoding = 4; lastKnownFileType = sourcecode.c.objc; path = "UITextView+DPMethodExt.m"; sourceTree = "<group>"; };
		6A754ACF1E10EAC600A0FB08 /* UIView+DPMethodExt.h */ = {isa = PBXFileReference; fileEncoding = 4; lastKnownFileType = sourcecode.c.h; path = "UIView+DPMethodExt.h"; sourceTree = "<group>"; };
		6A754AD01E10EAC600A0FB08 /* UIView+DPMethodExt.m */ = {isa = PBXFileReference; fileEncoding = 4; lastKnownFileType = sourcecode.c.objc; path = "UIView+DPMethodExt.m"; sourceTree = "<group>"; };
		6A754AD11E10EAC600A0FB08 /* UIViewController+DPMethodExt.h */ = {isa = PBXFileReference; fileEncoding = 4; lastKnownFileType = sourcecode.c.h; path = "UIViewController+DPMethodExt.h"; sourceTree = "<group>"; };
		6A754AD21E10EAC600A0FB08 /* UIViewController+DPMethodExt.m */ = {isa = PBXFileReference; fileEncoding = 4; lastKnownFileType = sourcecode.c.objc; path = "UIViewController+DPMethodExt.m"; sourceTree = "<group>"; };
		6A754AD31E10EAC600A0FB08 /* UIWebView+DPMethodExt.h */ = {isa = PBXFileReference; fileEncoding = 4; lastKnownFileType = sourcecode.c.h; path = "UIWebView+DPMethodExt.h"; sourceTree = "<group>"; };
		6A754AD41E10EAC600A0FB08 /* UIWebView+DPMethodExt.m */ = {isa = PBXFileReference; fileEncoding = 4; lastKnownFileType = sourcecode.c.objc; path = "UIWebView+DPMethodExt.m"; sourceTree = "<group>"; };
		6AE160381E1107A100E223FB /* ZipViewController.h */ = {isa = PBXFileReference; fileEncoding = 4; lastKnownFileType = sourcecode.c.h; path = ZipViewController.h; sourceTree = "<group>"; };
		6AE160391E1107A100E223FB /* ZipViewController.m */ = {isa = PBXFileReference; fileEncoding = 4; lastKnownFileType = sourcecode.c.objc; path = ZipViewController.m; sourceTree = "<group>"; };
		6AE1603B1E11109200E223FB /* CombinViewController.h */ = {isa = PBXFileReference; fileEncoding = 4; lastKnownFileType = sourcecode.c.h; path = CombinViewController.h; sourceTree = "<group>"; };
		6AE1603C1E11109200E223FB /* CombinViewController.m */ = {isa = PBXFileReference; fileEncoding = 4; lastKnownFileType = sourcecode.c.objc; path = CombinViewController.m; sourceTree = "<group>"; };
		6AE160441E1129CE00E223FB /* ThenViewController.h */ = {isa = PBXFileReference; fileEncoding = 4; lastKnownFileType = sourcecode.c.h; path = ThenViewController.h; sourceTree = "<group>"; };
		6AE160451E1129CE00E223FB /* ThenViewController.m */ = {isa = PBXFileReference; fileEncoding = 4; lastKnownFileType = sourcecode.c.objc; path = ThenViewController.m; sourceTree = "<group>"; };
		6AE160471E112CD800E223FB /* ConcatViewController.h */ = {isa = PBXFileReference; fileEncoding = 4; lastKnownFileType = sourcecode.c.h; path = ConcatViewController.h; sourceTree = "<group>"; };
		6AE160481E112CD800E223FB /* ConcatViewController.m */ = {isa = PBXFileReference; fileEncoding = 4; lastKnownFileType = sourcecode.c.objc; path = ConcatViewController.m; sourceTree = "<group>"; };
		6AE1604A1E112E3700E223FB /* LiftViewController.h */ = {isa = PBXFileReference; fileEncoding = 4; lastKnownFileType = sourcecode.c.h; path = LiftViewController.h; sourceTree = "<group>"; };
		6AE1604B1E112E3700E223FB /* LiftViewController.m */ = {isa = PBXFileReference; fileEncoding = 4; lastKnownFileType = sourcecode.c.objc; path = LiftViewController.m; sourceTree = "<group>"; };
		6AE1604E1E112FDC00E223FB /* TimerViewController.h */ = {isa = PBXFileReference; fileEncoding = 4; lastKnownFileType = sourcecode.c.h; path = TimerViewController.h; sourceTree = "<group>"; };
		6AE1604F1E112FDC00E223FB /* TimerViewController.m */ = {isa = PBXFileReference; fileEncoding = 4; lastKnownFileType = sourcecode.c.objc; path = TimerViewController.m; sourceTree = "<group>"; };
		6AEA412A1E16184D003ED2FB /* RetryViewController.h */ = {isa = PBXFileReference; fileEncoding = 4; lastKnownFileType = sourcecode.c.h; path = RetryViewController.h; sourceTree = "<group>"; };
		6AEA412B1E16184D003ED2FB /* RetryViewController.m */ = {isa = PBXFileReference; fileEncoding = 4; lastKnownFileType = sourcecode.c.objc; path = RetryViewController.m; sourceTree = "<group>"; };
		6AEA412E1E163087003ED2FB /* BindViewController.h */ = {isa = PBXFileReference; fileEncoding = 4; lastKnownFileType = sourcecode.c.h; path = BindViewController.h; sourceTree = "<group>"; };
		6AEA412F1E163087003ED2FB /* BindViewController.m */ = {isa = PBXFileReference; fileEncoding = 4; lastKnownFileType = sourcecode.c.objc; path = BindViewController.m; sourceTree = "<group>"; };
		6AEA41321E16348F003ED2FB /* MapViewController.h */ = {isa = PBXFileReference; fileEncoding = 4; lastKnownFileType = sourcecode.c.h; path = MapViewController.h; sourceTree = "<group>"; };
		6AEA41331E16348F003ED2FB /* MapViewController.m */ = {isa = PBXFileReference; fileEncoding = 4; lastKnownFileType = sourcecode.c.objc; path = MapViewController.m; sourceTree = "<group>"; };
		906FD2E4F92E8C6EC56E8CE1 /* Pods-RACExample.debug.xcconfig */ = {isa = PBXFileReference; includeInIndex = 1; lastKnownFileType = text.xcconfig; name = "Pods-RACExample.debug.xcconfig"; path = "Pods/Target Support Files/Pods-RACExample/Pods-RACExample.debug.xcconfig"; sourceTree = "<group>"; };
		FB879DC6A180FD4876555A0D /* Pods_RACExample.framework */ = {isa = PBXFileReference; explicitFileType = wrapper.framework; includeInIndex = 0; path = Pods_RACExample.framework; sourceTree = BUILT_PRODUCTS_DIR; };
/* End PBXFileReference section */

/* Begin PBXFrameworksBuildPhase section */
		6A754A661E10E9D400A0FB08 /* Frameworks */ = {
			isa = PBXFrameworksBuildPhase;
			buildActionMask = 2147483647;
			files = (
				B1CD6AF722C84CFCA20AF9AE /* Pods_RACExample.framework in Frameworks */,
			);
			runOnlyForDeploymentPostprocessing = 0;
		};
		6A754A7F1E10E9D500A0FB08 /* Frameworks */ = {
			isa = PBXFrameworksBuildPhase;
			buildActionMask = 2147483647;
			files = (
			);
			runOnlyForDeploymentPostprocessing = 0;
		};
/* End PBXFrameworksBuildPhase section */

/* Begin PBXGroup section */
		115D21272D0B03E9ACF414CC /* Pods */ = {
			isa = PBXGroup;
			children = (
				906FD2E4F92E8C6EC56E8CE1 /* Pods-RACExample.debug.xcconfig */,
				24AD482CE1EAFFE2BC17052F /* Pods-RACExample.release.xcconfig */,
			);
			name = Pods;
			sourceTree = "<group>";
		};
		64F2D9057E050B88D4ACA076 /* Frameworks */ = {
			isa = PBXGroup;
			children = (
				FB879DC6A180FD4876555A0D /* Pods_RACExample.framework */,
			);
			name = Frameworks;
			sourceTree = "<group>";
		};
		6A754A601E10E9D400A0FB08 = {
			isa = PBXGroup;
			children = (
				6A754A6B1E10E9D400A0FB08 /* RACExample */,
				6A754A851E10E9D500A0FB08 /* RACExampleTests */,
				6A754A6A1E10E9D400A0FB08 /* Products */,
				115D21272D0B03E9ACF414CC /* Pods */,
				64F2D9057E050B88D4ACA076 /* Frameworks */,
			);
			sourceTree = "<group>";
		};
		6A754A6A1E10E9D400A0FB08 /* Products */ = {
			isa = PBXGroup;
			children = (
				6A754A691E10E9D400A0FB08 /* RACExample.app */,
				6A754A821E10E9D500A0FB08 /* RACExampleTests.xctest */,
			);
			name = Products;
			sourceTree = "<group>";
		};
		6A754A6B1E10E9D400A0FB08 /* RACExample */ = {
			isa = PBXGroup;
			children = (
				6A754AA71E10EAC600A0FB08 /* UIKitExtensions */,
				6A754A921E10EAC600A0FB08 /* Main */,
				6A754AA11E10EAC600A0FB08 /* Request */,
				6A754AA41E10EAC600A0FB08 /* RootViewController.h */,
				6A754AA51E10EAC600A0FB08 /* RootViewController.m */,
				6A754A6F1E10E9D400A0FB08 /* AppDelegate.h */,
				6A754A701E10E9D400A0FB08 /* AppDelegate.m */,
				6A754A781E10E9D400A0FB08 /* Assets.xcassets */,
				6A754A7A1E10E9D400A0FB08 /* LaunchScreen.storyboard */,
				6A754A7D1E10E9D400A0FB08 /* Info.plist */,
				6A754A6C1E10E9D400A0FB08 /* Supporting Files */,
			);
			path = RACExample;
			sourceTree = "<group>";
		};
		6A754A6C1E10E9D400A0FB08 /* Supporting Files */ = {
			isa = PBXGroup;
			children = (
				6A754A6D1E10E9D400A0FB08 /* main.m */,
				6A754A911E10EA7F00A0FB08 /* Prefix.h */,
				6A754AA61E10EAC600A0FB08 /* test@2x.png */,
			);
			name = "Supporting Files";
			sourceTree = "<group>";
		};
		6A754A851E10E9D500A0FB08 /* RACExampleTests */ = {
			isa = PBXGroup;
			children = (
				6A754A861E10E9D500A0FB08 /* RACExampleTests.m */,
				6A754A881E10E9D500A0FB08 /* Info.plist */,
			);
			path = RACExampleTests;
			sourceTree = "<group>";
		};
		6A754A921E10EAC600A0FB08 /* Main */ = {
			isa = PBXGroup;
			children = (
				6A6E3D041E10FBB400AF632B /* BaseViewController.h */,
				6A6E3D051E10FBB400AF632B /* BaseViewController.m */,
				6A754A991E10EAC600A0FB08 /* Login */,
				6A754A9E1E10EAC600A0FB08 /* ReplaceDelegate */,
				6A754A931E10EAC600A0FB08 /* Event&Observer */,
				6A754A961E10EAC600A0FB08 /* GroupSignal */,
				6AE1604D1E112FD200E223FB /* Timer */,
				6AEA41291E16180E003ED2FB /* Retry */,
				6AEA412D1E163077003ED2FB /* Bind */,
				6AEA41311E16345F003ED2FB /* Map */,
			);
			path = Main;
			sourceTree = "<group>";
		};
		6A754A931E10EAC600A0FB08 /* Event&Observer */ = {
			isa = PBXGroup;
			children = (
				6A6E3D011E10ED7E00AF632B /* ENOViewController.h */,
				6A6E3D021E10ED7E00AF632B /* ENOViewController.m */,
			);
			path = "Event&Observer";
			sourceTree = "<group>";
		};
		6A754A961E10EAC600A0FB08 /* GroupSignal */ = {
			isa = PBXGroup;
			children = (
				6AE160381E1107A100E223FB /* ZipViewController.h */,
				6AE160391E1107A100E223FB /* ZipViewController.m */,
				6AE1603B1E11109200E223FB /* CombinViewController.h */,
				6AE1603C1E11109200E223FB /* CombinViewController.m */,
				6AE160471E112CD800E223FB /* ConcatViewController.h */,
				6AE160481E112CD800E223FB /* ConcatViewController.m */,
				6AE160441E1129CE00E223FB /* ThenViewController.h */,
				6AE160451E1129CE00E223FB /* ThenViewController.m */,
				6AE1604A1E112E3700E223FB /* LiftViewController.h */,
				6AE1604B1E112E3700E223FB /* LiftViewController.m */,
			);
			path = GroupSignal;
			sourceTree = "<group>";
		};
		6A754A991E10EAC600A0FB08 /* Login */ = {
			isa = PBXGroup;
			children = (
				6A754A9A1E10EAC600A0FB08 /* LoginViewController.h */,
				6A754A9B1E10EAC600A0FB08 /* LoginViewController.m */,
				6A754A9C1E10EAC600A0FB08 /* LoginViewModel.h */,
				6A754A9D1E10EAC600A0FB08 /* LoginViewModel.m */,
			);
			path = Login;
			sourceTree = "<group>";
		};
		6A754A9E1E10EAC600A0FB08 /* ReplaceDelegate */ = {
			isa = PBXGroup;
			children = (
				6A754A9F1E10EAC600A0FB08 /* ReplaceDelegateViewController.h */,
				6A754AA01E10EAC600A0FB08 /* ReplaceDelegateViewController.m */,
			);
			path = ReplaceDelegate;
			sourceTree = "<group>";
		};
		6A754AA11E10EAC600A0FB08 /* Request */ = {
			isa = PBXGroup;
			children = (
				6A754AA21E10EAC600A0FB08 /* RACRequest.h */,
				6A754AA31E10EAC600A0FB08 /* RACRequest.m */,
			);
			path = Request;
			sourceTree = "<group>";
		};
		6A754AA71E10EAC600A0FB08 /* UIKitExtensions */ = {
			isa = PBXGroup;
			children = (
				6A754AA81E10EAC600A0FB08 /* DPUIKitMethodExt.h */,
				6A754AA91E10EAC600A0FB08 /* UIButton+DPMethodExt.h */,
				6A754AAA1E10EAC600A0FB08 /* UIButton+DPMethodExt.m */,
				6A754AAB1E10EAC600A0FB08 /* UICollectionView+DPMethodExt.h */,
				6A754AAC1E10EAC600A0FB08 /* UICollectionView+DPMethodExt.m */,
				6A754AAD1E10EAC600A0FB08 /* UIColor+DPMethodExt.h */,
				6A754AAE1E10EAC600A0FB08 /* UIColor+DPMethodExt.m */,
				6A754AAF1E10EAC600A0FB08 /* UIDatePicker+DPMethodExt.h */,
				6A754AB01E10EAC600A0FB08 /* UIDatePicker+DPMethodExt.m */,
				6A754AB11E10EAC600A0FB08 /* UIImage+DPMethodExt.h */,
				6A754AB21E10EAC600A0FB08 /* UIImage+DPMethodExt.m */,
				6A754AB31E10EAC600A0FB08 /* UIImageView+DPMethodExt.h */,
				6A754AB41E10EAC600A0FB08 /* UIImageView+DPMethodExt.m */,
				6A754AB51E10EAC600A0FB08 /* UILabel+DPMethodExt.h */,
				6A754AB61E10EAC600A0FB08 /* UILabel+DPMethodExt.m */,
				6A754AB71E10EAC600A0FB08 /* UINavigationBar+DPMethodExt.h */,
				6A754AB81E10EAC600A0FB08 /* UINavigationBar+DPMethodExt.m */,
				6A754AB91E10EAC600A0FB08 /* UIPageControl+DPMethodExt.h */,
				6A754ABA1E10EAC600A0FB08 /* UIPageControl+DPMethodExt.m */,
				6A754ABB1E10EAC600A0FB08 /* UIPickerView+DPMethodExt.h */,
				6A754ABC1E10EAC600A0FB08 /* UIPickerView+DPMethodExt.m */,
				6A754ABD1E10EAC600A0FB08 /* UIProgressView+DPMethodExt.h */,
				6A754ABE1E10EAC600A0FB08 /* UIProgressView+DPMethodExt.m */,
				6A754ABF1E10EAC600A0FB08 /* UIResponder+DPMethodExt.h */,
				6A754AC01E10EAC600A0FB08 /* UIResponder+DPMethodExt.m */,
				6A754AC11E10EAC600A0FB08 /* UIScrollView+DPMethodExt.h */,
				6A754AC21E10EAC600A0FB08 /* UIScrollView+DPMethodExt.m */,
				6A754AC31E10EAC600A0FB08 /* UISwitch+DPMethodExt.h */,
				6A754AC41E10EAC600A0FB08 /* UISwitch+DPMethodExt.m */,
				6A754AC51E10EAC600A0FB08 /* UITabBar+DPMethodExt.h */,
				6A754AC61E10EAC600A0FB08 /* UITabBar+DPMethodExt.m */,
				6A754AC71E10EAC600A0FB08 /* UITabBarController+DPMethodExt.h */,
				6A754AC81E10EAC600A0FB08 /* UITabBarController+DPMethodExt.m */,
				6A754AC91E10EAC600A0FB08 /* UITableView+DPMethodExt.h */,
				6A754ACA1E10EAC600A0FB08 /* UITableView+DPMethodExt.m */,
				6A754ACB1E10EAC600A0FB08 /* UITextField+DPMethodExt.h */,
				6A754ACC1E10EAC600A0FB08 /* UITextField+DPMethodExt.m */,
				6A754ACD1E10EAC600A0FB08 /* UITextView+DPMethodExt.h */,
				6A754ACE1E10EAC600A0FB08 /* UITextView+DPMethodExt.m */,
				6A754ACF1E10EAC600A0FB08 /* UIView+DPMethodExt.h */,
				6A754AD01E10EAC600A0FB08 /* UIView+DPMethodExt.m */,
				6A754AD11E10EAC600A0FB08 /* UIViewController+DPMethodExt.h */,
				6A754AD21E10EAC600A0FB08 /* UIViewController+DPMethodExt.m */,
				6A754AD31E10EAC600A0FB08 /* UIWebView+DPMethodExt.h */,
				6A754AD41E10EAC600A0FB08 /* UIWebView+DPMethodExt.m */,
			);
			path = UIKitExtensions;
			sourceTree = "<group>";
		};
		6AE1604D1E112FD200E223FB /* Timer */ = {
			isa = PBXGroup;
			children = (
				6AE1604E1E112FDC00E223FB /* TimerViewController.h */,
				6AE1604F1E112FDC00E223FB /* TimerViewController.m */,
			);
			path = Timer;
			sourceTree = "<group>";
		};
		6AEA41291E16180E003ED2FB /* Retry */ = {
			isa = PBXGroup;
			children = (
				6AEA412A1E16184D003ED2FB /* RetryViewController.h */,
				6AEA412B1E16184D003ED2FB /* RetryViewController.m */,
			);
			path = Retry;
			sourceTree = "<group>";
		};
		6AEA412D1E163077003ED2FB /* Bind */ = {
			isa = PBXGroup;
			children = (
				6AEA412E1E163087003ED2FB /* BindViewController.h */,
				6AEA412F1E163087003ED2FB /* BindViewController.m */,
			);
			path = Bind;
			sourceTree = "<group>";
		};
		6AEA41311E16345F003ED2FB /* Map */ = {
			isa = PBXGroup;
			children = (
				6AEA41321E16348F003ED2FB /* MapViewController.h */,
				6AEA41331E16348F003ED2FB /* MapViewController.m */,
			);
			path = Map;
			sourceTree = "<group>";
		};
/* End PBXGroup section */

/* Begin PBXNativeTarget section */
		6A754A681E10E9D400A0FB08 /* RACExample */ = {
			isa = PBXNativeTarget;
			buildConfigurationList = 6A754A8B1E10E9D500A0FB08 /* Build configuration list for PBXNativeTarget "RACExample" */;
			buildPhases = (
				B5733C421F2C07AA9839D203 /* [CP] Check Pods Manifest.lock */,
				6A754A651E10E9D400A0FB08 /* Sources */,
				6A754A661E10E9D400A0FB08 /* Frameworks */,
				6A754A671E10E9D400A0FB08 /* Resources */,
				78CDAE5D33E8A6D4C8C5861A /* [CP] Embed Pods Frameworks */,
				E4D4B9D4930785F8B13734D0 /* [CP] Copy Pods Resources */,
			);
			buildRules = (
			);
			dependencies = (
			);
			name = RACExample;
			productName = RACExample;
			productReference = 6A754A691E10E9D400A0FB08 /* RACExample.app */;
			productType = "com.apple.product-type.application";
		};
		6A754A811E10E9D500A0FB08 /* RACExampleTests */ = {
			isa = PBXNativeTarget;
			buildConfigurationList = 6A754A8E1E10E9D500A0FB08 /* Build configuration list for PBXNativeTarget "RACExampleTests" */;
			buildPhases = (
				6A754A7E1E10E9D500A0FB08 /* Sources */,
				6A754A7F1E10E9D500A0FB08 /* Frameworks */,
				6A754A801E10E9D500A0FB08 /* Resources */,
			);
			buildRules = (
			);
			dependencies = (
				6A754A841E10E9D500A0FB08 /* PBXTargetDependency */,
			);
			name = RACExampleTests;
			productName = RACExampleTests;
			productReference = 6A754A821E10E9D500A0FB08 /* RACExampleTests.xctest */;
			productType = "com.apple.product-type.bundle.unit-test";
		};
/* End PBXNativeTarget section */

/* Begin PBXProject section */
		6A754A611E10E9D400A0FB08 /* Project object */ = {
			isa = PBXProject;
			attributes = {
				LastUpgradeCheck = 0800;
				ORGANIZATIONNAME = lidp;
				TargetAttributes = {
					6A754A681E10E9D400A0FB08 = {
						CreatedOnToolsVersion = 8.0;
						ProvisioningStyle = Automatic;
					};
					6A754A811E10E9D500A0FB08 = {
						CreatedOnToolsVersion = 8.0;
						ProvisioningStyle = Automatic;
						TestTargetID = 6A754A681E10E9D400A0FB08;
					};
				};
			};
			buildConfigurationList = 6A754A641E10E9D400A0FB08 /* Build configuration list for PBXProject "RACExample" */;
			compatibilityVersion = "Xcode 3.2";
			developmentRegion = English;
			hasScannedForEncodings = 0;
			knownRegions = (
				en,
				Base,
			);
			mainGroup = 6A754A601E10E9D400A0FB08;
			productRefGroup = 6A754A6A1E10E9D400A0FB08 /* Products */;
			projectDirPath = "";
			projectRoot = "";
			targets = (
				6A754A681E10E9D400A0FB08 /* RACExample */,
				6A754A811E10E9D500A0FB08 /* RACExampleTests */,
			);
		};
/* End PBXProject section */

/* Begin PBXResourcesBuildPhase section */
		6A754A671E10E9D400A0FB08 /* Resources */ = {
			isa = PBXResourcesBuildPhase;
			buildActionMask = 2147483647;
			files = (
				6A754ADC1E10EAC600A0FB08 /* test@2x.png in Resources */,
				6A754A7C1E10E9D400A0FB08 /* LaunchScreen.storyboard in Resources */,
				6A754A791E10E9D400A0FB08 /* Assets.xcassets in Resources */,
			);
			runOnlyForDeploymentPostprocessing = 0;
		};
		6A754A801E10E9D500A0FB08 /* Resources */ = {
			isa = PBXResourcesBuildPhase;
			buildActionMask = 2147483647;
			files = (
			);
			runOnlyForDeploymentPostprocessing = 0;
		};
/* End PBXResourcesBuildPhase section */

/* Begin PBXShellScriptBuildPhase section */
		78CDAE5D33E8A6D4C8C5861A /* [CP] Embed Pods Frameworks */ = {
			isa = PBXShellScriptBuildPhase;
			buildActionMask = 2147483647;
			files = (
			);
			inputPaths = (
			);
			name = "[CP] Embed Pods Frameworks";
			outputPaths = (
			);
			runOnlyForDeploymentPostprocessing = 0;
			shellPath = /bin/sh;
			shellScript = "\"${SRCROOT}/Pods/Target Support Files/Pods-RACExample/Pods-RACExample-frameworks.sh\"\n";
			showEnvVarsInLog = 0;
		};
		B5733C421F2C07AA9839D203 /* [CP] Check Pods Manifest.lock */ = {
			isa = PBXShellScriptBuildPhase;
			buildActionMask = 2147483647;
			files = (
			);
			inputPaths = (
			);
			name = "[CP] Check Pods Manifest.lock";
			outputPaths = (
			);
			runOnlyForDeploymentPostprocessing = 0;
			shellPath = /bin/sh;
			shellScript = "diff \"${PODS_ROOT}/../Podfile.lock\" \"${PODS_ROOT}/Manifest.lock\" > /dev/null\nif [ $? != 0 ] ; then\n    # print error to STDERR\n    echo \"error: The sandbox is not in sync with the Podfile.lock. Run 'pod install' or update your CocoaPods installation.\" >&2\n    exit 1\nfi\n";
			showEnvVarsInLog = 0;
		};
		E4D4B9D4930785F8B13734D0 /* [CP] Copy Pods Resources */ = {
			isa = PBXShellScriptBuildPhase;
			buildActionMask = 2147483647;
			files = (
			);
			inputPaths = (
			);
			name = "[CP] Copy Pods Resources";
			outputPaths = (
			);
			runOnlyForDeploymentPostprocessing = 0;
			shellPath = /bin/sh;
			shellScript = "\"${SRCROOT}/Pods/Target Support Files/Pods-RACExample/Pods-RACExample-resources.sh\"\n";
			showEnvVarsInLog = 0;
		};
/* End PBXShellScriptBuildPhase section */

/* Begin PBXSourcesBuildPhase section */
		6A754A651E10E9D400A0FB08 /* Sources */ = {
			isa = PBXSourcesBuildPhase;
			buildActionMask = 2147483647;
			files = (
				6A754AEE1E10EAC600A0FB08 /* UITextField+DPMethodExt.m in Sources */,
				6A754ADF1E10EAC600A0FB08 /* UIColor+DPMethodExt.m in Sources */,
				6AE1603D1E11109200E223FB /* CombinViewController.m in Sources */,
				6A754AE21E10EAC600A0FB08 /* UIImageView+DPMethodExt.m in Sources */,
				6A754AEA1E10EAC600A0FB08 /* UISwitch+DPMethodExt.m in Sources */,
				6A754AE31E10EAC600A0FB08 /* UILabel+DPMethodExt.m in Sources */,
				6A754AEC1E10EAC600A0FB08 /* UITabBarController+DPMethodExt.m in Sources */,
				6A754AD91E10EAC600A0FB08 /* ReplaceDelegateViewController.m in Sources */,
				6A754AEF1E10EAC600A0FB08 /* UITextView+DPMethodExt.m in Sources */,
				6A754AE71E10EAC600A0FB08 /* UIProgressView+DPMethodExt.m in Sources */,
				6AE1603A1E1107A100E223FB /* ZipViewController.m in Sources */,
				6A6E3D061E10FBB400AF632B /* BaseViewController.m in Sources */,
				6A754ADE1E10EAC600A0FB08 /* UICollectionView+DPMethodExt.m in Sources */,
				6A754ADD1E10EAC600A0FB08 /* UIButton+DPMethodExt.m in Sources */,
				6A754AE41E10EAC600A0FB08 /* UINavigationBar+DPMethodExt.m in Sources */,
				6A754AD71E10EAC600A0FB08 /* LoginViewController.m in Sources */,
				6AE160461E1129CE00E223FB /* ThenViewController.m in Sources */,
				6AEA41301E163087003ED2FB /* BindViewController.m in Sources */,
				6A754AED1E10EAC600A0FB08 /* UITableView+DPMethodExt.m in Sources */,
				6A6E3D031E10ED7E00AF632B /* ENOViewController.m in Sources */,
				6A754ADB1E10EAC600A0FB08 /* RootViewController.m in Sources */,
				6A754AF11E10EAC600A0FB08 /* UIViewController+DPMethodExt.m in Sources */,
				6AE160501E112FDC00E223FB /* TimerViewController.m in Sources */,
				6AE1604C1E112E3700E223FB /* LiftViewController.m in Sources */,
				6A754A711E10E9D400A0FB08 /* AppDelegate.m in Sources */,
				6A754AE91E10EAC600A0FB08 /* UIScrollView+DPMethodExt.m in Sources */,
				6AEA412C1E16184D003ED2FB /* RetryViewController.m in Sources */,
				6AEA41341E16348F003ED2FB /* MapViewController.m in Sources */,
				6A754AD81E10EAC600A0FB08 /* LoginViewModel.m in Sources */,
				6AE160491E112CD800E223FB /* ConcatViewController.m in Sources */,
				6A754AE61E10EAC600A0FB08 /* UIPickerView+DPMethodExt.m in Sources */,
				6A754AF01E10EAC600A0FB08 /* UIView+DPMethodExt.m in Sources */,
				6A754AE11E10EAC600A0FB08 /* UIImage+DPMethodExt.m in Sources */,
				6A754ADA1E10EAC600A0FB08 /* RACRequest.m in Sources */,
				6A754AE81E10EAC600A0FB08 /* UIResponder+DPMethodExt.m in Sources */,
				6A754AF21E10EAC600A0FB08 /* UIWebView+DPMethodExt.m in Sources */,
				6A754AE51E10EAC600A0FB08 /* UIPageControl+DPMethodExt.m in Sources */,
				6A754AEB1E10EAC600A0FB08 /* UITabBar+DPMethodExt.m in Sources */,
				6A754AE01E10EAC600A0FB08 /* UIDatePicker+DPMethodExt.m in Sources */,
				6A754A6E1E10E9D400A0FB08 /* main.m in Sources */,
			);
			runOnlyForDeploymentPostprocessing = 0;
		};
		6A754A7E1E10E9D500A0FB08 /* Sources */ = {
			isa = PBXSourcesBuildPhase;
			buildActionMask = 2147483647;
			files = (
				6A754A871E10E9D500A0FB08 /* RACExampleTests.m in Sources */,
			);
			runOnlyForDeploymentPostprocessing = 0;
		};
/* End PBXSourcesBuildPhase section */

/* Begin PBXTargetDependency section */
		6A754A841E10E9D500A0FB08 /* PBXTargetDependency */ = {
			isa = PBXTargetDependency;
			target = 6A754A681E10E9D400A0FB08 /* RACExample */;
			targetProxy = 6A754A831E10E9D500A0FB08 /* PBXContainerItemProxy */;
		};
/* End PBXTargetDependency section */

/* Begin PBXVariantGroup section */
		6A754A7A1E10E9D400A0FB08 /* LaunchScreen.storyboard */ = {
			isa = PBXVariantGroup;
			children = (
				6A754A7B1E10E9D400A0FB08 /* Base */,
			);
			name = LaunchScreen.storyboard;
			sourceTree = "<group>";
		};
/* End PBXVariantGroup section */

/* Begin XCBuildConfiguration section */
		6A754A891E10E9D500A0FB08 /* Debug */ = {
			isa = XCBuildConfiguration;
			buildSettings = {
				ALWAYS_SEARCH_USER_PATHS = NO;
				CLANG_ANALYZER_NONNULL = YES;
				CLANG_CXX_LANGUAGE_STANDARD = "gnu++0x";
				CLANG_CXX_LIBRARY = "libc++";
				CLANG_ENABLE_MODULES = YES;
				CLANG_ENABLE_OBJC_ARC = YES;
				CLANG_WARN_BOOL_CONVERSION = YES;
				CLANG_WARN_CONSTANT_CONVERSION = YES;
				CLANG_WARN_DIRECT_OBJC_ISA_USAGE = YES_ERROR;
				CLANG_WARN_DOCUMENTATION_COMMENTS = YES;
				CLANG_WARN_EMPTY_BODY = YES;
				CLANG_WARN_ENUM_CONVERSION = YES;
				CLANG_WARN_INFINITE_RECURSION = YES;
				CLANG_WARN_INT_CONVERSION = YES;
				CLANG_WARN_OBJC_ROOT_CLASS = YES_ERROR;
				CLANG_WARN_SUSPICIOUS_MOVES = YES;
				CLANG_WARN_UNREACHABLE_CODE = YES;
				CLANG_WARN__DUPLICATE_METHOD_MATCH = YES;
				"CODE_SIGN_IDENTITY[sdk=iphoneos*]" = "iPhone Developer";
				COPY_PHASE_STRIP = NO;
				DEBUG_INFORMATION_FORMAT = dwarf;
				ENABLE_STRICT_OBJC_MSGSEND = YES;
				ENABLE_TESTABILITY = YES;
				GCC_C_LANGUAGE_STANDARD = gnu99;
				GCC_DYNAMIC_NO_PIC = NO;
				GCC_NO_COMMON_BLOCKS = YES;
				GCC_OPTIMIZATION_LEVEL = 0;
				GCC_PREPROCESSOR_DEFINITIONS = (
					"DEBUG=1",
					"$(inherited)",
				);
				GCC_WARN_64_TO_32_BIT_CONVERSION = YES;
				GCC_WARN_ABOUT_RETURN_TYPE = YES_ERROR;
				GCC_WARN_UNDECLARED_SELECTOR = YES;
				GCC_WARN_UNINITIALIZED_AUTOS = YES_AGGRESSIVE;
				GCC_WARN_UNUSED_FUNCTION = YES;
				GCC_WARN_UNUSED_VARIABLE = YES;
				IPHONEOS_DEPLOYMENT_TARGET = 10.0;
				MTL_ENABLE_DEBUG_INFO = YES;
				ONLY_ACTIVE_ARCH = YES;
				SDKROOT = iphoneos;
			};
			name = Debug;
		};
		6A754A8A1E10E9D500A0FB08 /* Release */ = {
			isa = XCBuildConfiguration;
			buildSettings = {
				ALWAYS_SEARCH_USER_PATHS = NO;
				CLANG_ANALYZER_NONNULL = YES;
				CLANG_CXX_LANGUAGE_STANDARD = "gnu++0x";
				CLANG_CXX_LIBRARY = "libc++";
				CLANG_ENABLE_MODULES = YES;
				CLANG_ENABLE_OBJC_ARC = YES;
				CLANG_WARN_BOOL_CONVERSION = YES;
				CLANG_WARN_CONSTANT_CONVERSION = YES;
				CLANG_WARN_DIRECT_OBJC_ISA_USAGE = YES_ERROR;
				CLANG_WARN_DOCUMENTATION_COMMENTS = YES;
				CLANG_WARN_EMPTY_BODY = YES;
				CLANG_WARN_ENUM_CONVERSION = YES;
				CLANG_WARN_INFINITE_RECURSION = YES;
				CLANG_WARN_INT_CONVERSION = YES;
				CLANG_WARN_OBJC_ROOT_CLASS = YES_ERROR;
				CLANG_WARN_SUSPICIOUS_MOVES = YES;
				CLANG_WARN_UNREACHABLE_CODE = YES;
				CLANG_WARN__DUPLICATE_METHOD_MATCH = YES;
				"CODE_SIGN_IDENTITY[sdk=iphoneos*]" = "iPhone Developer";
				COPY_PHASE_STRIP = NO;
				DEBUG_INFORMATION_FORMAT = "dwarf-with-dsym";
				ENABLE_NS_ASSERTIONS = NO;
				ENABLE_STRICT_OBJC_MSGSEND = YES;
				GCC_C_LANGUAGE_STANDARD = gnu99;
				GCC_NO_COMMON_BLOCKS = YES;
				GCC_WARN_64_TO_32_BIT_CONVERSION = YES;
				GCC_WARN_ABOUT_RETURN_TYPE = YES_ERROR;
				GCC_WARN_UNDECLARED_SELECTOR = YES;
				GCC_WARN_UNINITIALIZED_AUTOS = YES_AGGRESSIVE;
				GCC_WARN_UNUSED_FUNCTION = YES;
				GCC_WARN_UNUSED_VARIABLE = YES;
				IPHONEOS_DEPLOYMENT_TARGET = 10.0;
				MTL_ENABLE_DEBUG_INFO = NO;
				SDKROOT = iphoneos;
				VALIDATE_PRODUCT = YES;
			};
			name = Release;
		};
		6A754A8C1E10E9D500A0FB08 /* Debug */ = {
			isa = XCBuildConfiguration;
			baseConfigurationReference = 906FD2E4F92E8C6EC56E8CE1 /* Pods-RACExample.debug.xcconfig */;
			buildSettings = {
				ASSETCATALOG_COMPILER_APPICON_NAME = AppIcon;
				GCC_PREFIX_HEADER = RACExample/Prefix.h;
				INFOPLIST_FILE = RACExample/Info.plist;
				IPHONEOS_DEPLOYMENT_TARGET = 8.0;
				LD_RUNPATH_SEARCH_PATHS = "$(inherited) @executable_path/Frameworks";
				PRODUCT_BUNDLE_IDENTIFIER = TTW.RACExample;
				PRODUCT_NAME = "$(TARGET_NAME)";
			};
			name = Debug;
		};
		6A754A8D1E10E9D500A0FB08 /* Release */ = {
			isa = XCBuildConfiguration;
			baseConfigurationReference = 24AD482CE1EAFFE2BC17052F /* Pods-RACExample.release.xcconfig */;
			buildSettings = {
				ASSETCATALOG_COMPILER_APPICON_NAME = AppIcon;
				GCC_PREFIX_HEADER = RACExample/Prefix.h;
				INFOPLIST_FILE = RACExample/Info.plist;
				IPHONEOS_DEPLOYMENT_TARGET = 8.0;
				LD_RUNPATH_SEARCH_PATHS = "$(inherited) @executable_path/Frameworks";
				PRODUCT_BUNDLE_IDENTIFIER = TTW.RACExample;
				PRODUCT_NAME = "$(TARGET_NAME)";
			};
			name = Release;
		};
		6A754A8F1E10E9D500A0FB08 /* Debug */ = {
			isa = XCBuildConfiguration;
			buildSettings = {
				BUNDLE_LOADER = "$(TEST_HOST)";
				INFOPLIST_FILE = RACExampleTests/Info.plist;
				LD_RUNPATH_SEARCH_PATHS = "$(inherited) @executable_path/Frameworks @loader_path/Frameworks";
				PRODUCT_BUNDLE_IDENTIFIER = TTW.RACExampleTests;
				PRODUCT_NAME = "$(TARGET_NAME)";
				TEST_HOST = "$(BUILT_PRODUCTS_DIR)/RACExample.app/RACExample";
			};
			name = Debug;
		};
		6A754A901E10E9D500A0FB08 /* Release */ = {
			isa = XCBuildConfiguration;
			buildSettings = {
				BUNDLE_LOADER = "$(TEST_HOST)";
				INFOPLIST_FILE = RACExampleTests/Info.plist;
				LD_RUNPATH_SEARCH_PATHS = "$(inherited) @executable_path/Frameworks @loader_path/Frameworks";
				PRODUCT_BUNDLE_IDENTIFIER = TTW.RACExampleTests;
				PRODUCT_NAME = "$(TARGET_NAME)";
				TEST_HOST = "$(BUILT_PRODUCTS_DIR)/RACExample.app/RACExample";
			};
			name = Release;
		};
/* End XCBuildConfiguration section */

/* Begin XCConfigurationList section */
		6A754A641E10E9D400A0FB08 /* Build configuration list for PBXProject "RACExample" */ = {
			isa = XCConfigurationList;
			buildConfigurations = (
				6A754A891E10E9D500A0FB08 /* Debug */,
				6A754A8A1E10E9D500A0FB08 /* Release */,
			);
			defaultConfigurationIsVisible = 0;
			defaultConfigurationName = Release;
		};
		6A754A8B1E10E9D500A0FB08 /* Build configuration list for PBXNativeTarget "RACExample" */ = {
			isa = XCConfigurationList;
			buildConfigurations = (
				6A754A8C1E10E9D500A0FB08 /* Debug */,
				6A754A8D1E10E9D500A0FB08 /* Release */,
			);
			defaultConfigurationIsVisible = 0;
			defaultConfigurationName = Release;
		};
		6A754A8E1E10E9D500A0FB08 /* Build configuration list for PBXNativeTarget "RACExampleTests" */ = {
			isa = XCConfigurationList;
			buildConfigurations = (
				6A754A8F1E10E9D500A0FB08 /* Debug */,
				6A754A901E10E9D500A0FB08 /* Release */,
			);
			defaultConfigurationIsVisible = 0;
			defaultConfigurationName = Release;
		};
/* End XCConfigurationList section */
	};
	rootObject = 6A754A611E10E9D400A0FB08 /* Project object */;
}
